{
  "name": "@ntlab/gsm-at",
  "version": "3.0.1",
  "lockfileVersion": 3,
  "requires": true,
  "packages": {
    "": {
      "name": "@ntlab/gsm-at",
      "version": "3.0.1",
      "license": "MIT",
      "dependencies": {
        "@ntlab/ntlib": "^2.1.3",
        "@ntlab/work": "^2.2.0",
        "debug": "^4.3.7",
        "ini": "^5.0.0"
      }
    },
    "node_modules/@ntlab/ntlib": {
      "version": "2.1.3",
      "resolved": "https://registry.npmjs.org/@ntlab/ntlib/-/ntlib-2.1.3.tgz",
      "integrity": "sha512-KM+uZ/w65BAAEfVsDcP2w3kPhEb8jSqrrroEjZgA8pNVIDbJLkbeCWs709oUSh3FULoeme6ypuNeBDwO+vCRPw==",
      "license": "MIT"
    },
    "node_modules/@ntlab/work": {
      "version": "2.2.0",
      "resolved": "https://registry.npmjs.org/@ntlab/work/-/work-2.2.0.tgz",
      "integrity": "sha512-k/CSqDb26qwk/v4VVmhO3GbTSBANmd++R4fS7F1yw65B0yIU8eteioPU/P900e+YnwiA1HMcpyuG/tUZXZ7gDw==",
      "license": "MIT",
      "dependencies": {
        "debug": "^4.3.7"
      }
    },
    "node_modules/debug": {
      "version": "4.3.7",
      "resolved": "https://registry.npmjs.org/debug/-/debug-4.3.7.tgz",
      "integrity": "sha512-Er2nc/H7RrMXZBFCEim6TCmMk02Z8vLC2Rbi1KEBggpo0fS6l0S1nnapwmIi3yW/+GOJap1Krg4w0Hg80oCqgQ==",
      "license": "MIT",
      "dependencies": {
        "ms": "^2.1.3"
      },
      "engines": {
        "node": ">=6.0"
      },
      "peerDependenciesMeta": {
        "supports-color": {
          "optional": true
        }
      }
    },
    "node_modules/ini": {
      "version": "5.0.0",
      "resolved": "https://registry.npmjs.org/ini/-/ini-5.0.0.tgz",
      "integrity": "sha512-+N0ngpO3e7cRUWOJAS7qw0IZIVc6XPrW4MlFBdD066F2L4k1L6ker3hLqSq7iXxU5tgS4WGkIUElWn5vogAEnw==",
      "license": "ISC",
      "engines": {
        "node": "^18.17.0 || >=20.5.0"
      }
    },
    "node_modules/ms": {
      "version": "2.1.3",
      "resolved": "https://registry.npmjs.org/ms/-/ms-2.1.3.tgz",
      "integrity": "sha512-6FlzubTLZG3J2a/NVCAleEhjzq5oxgHyaCU9yYXvcLsvoVaHJq/s5xXI6/XXP6tz7R9xAOtHnSO/tXtF3WRTlA==",
      "license": "MIT"
    }
  }
}
