{
  "name": "@ntlab/gsm-at",
  "version": "2.0.8",
  "lockfileVersion": 3,
  "requires": true,
  "packages": {
    "": {
      "name": "@ntlab/gsm-at",
      "version": "2.0.8",
      "license": "MIT",
      "dependencies": {
        "@ntlab/ntlib": "^2.0.5",
        "@ntlab/work": "^2.0.0",
        "debug": "^4.3.4",
        "ini": "^4.1.2"
      }
    },
    "node_modules/@ntlab/ntlib": {
      "version": "2.0.5",
      "resolved": "https://registry.npmjs.org/@ntlab/ntlib/-/ntlib-2.0.5.tgz",
      "integrity": "sha512-JFif+biuUyx8COJzA5ezda1N1azFU3TyMAr3TPPflantr0fUzN9TMaOulw77/Unv7+L/MsYwtvVC/lDBzTg9rw=="
    },
    "node_modules/@ntlab/work": {
      "version": "2.0.0",
      "resolved": "https://registry.npmjs.org/@ntlab/work/-/work-2.0.0.tgz",
      "integrity": "sha512-wIzCyE44g9M8TV2ApyK4gchKC8WEvJJxj3W1nvaWA9JJHsvQjcfSwDvAOutxaa2sWTKe5YwqB3Qn3g9ktWf0Pw==",
      "dependencies": {
        "debug": "^4.3.4"
      }
    },
    "node_modules/debug": {
      "version": "4.3.4",
      "resolved": "https://registry.npmjs.org/debug/-/debug-4.3.4.tgz",
      "integrity": "sha512-PRWFHuSU3eDtQJPvnNY7Jcket1j0t5OuOsFzPPzsekD52Zl8qUfFIPEiswXqIvHWGVHOgX+7G/vCNNhehwxfkQ==",
      "dependencies": {
        "ms": "2.1.2"
      },
      "engines": {
        "node": ">=6.0"
      },
      "peerDependenciesMeta": {
        "supports-color": {
          "optional": true
        }
      }
    },
    "node_modules/ini": {
      "version": "4.1.2",
      "resolved": "https://registry.npmjs.org/ini/-/ini-4.1.2.tgz",
      "integrity": "sha512-AMB1mvwR1pyBFY/nSevUX6y8nJWS63/SzUKD3JyQn97s4xgIdgQPT75IRouIiBAN4yLQBUShNYVW0+UG25daCw==",
      "engines": {
        "node": "^14.17.0 || ^16.13.0 || >=18.0.0"
      }
    },
    "node_modules/ms": {
      "version": "2.1.2",
      "resolved": "https://registry.npmjs.org/ms/-/ms-2.1.2.tgz",
      "integrity": "sha512-sGkPx+VjMtmA6MX27oA4FBFELFCZZ4S4XqeGOXCv68tT+jb3vk/RyaKWP0PTKyWtmLSM0b+adUTEvbs1PEaH2w=="
    }
  }
}
